<?xml version="1.0" encoding="utf-8"?>
<Project ToolsVersion="4.0" xmlns="http://schemas.microsoft.com/developer/msbuild/2003">
  <ItemGroup>
    <Filter Include="Source Files">
      <UniqueIdentifier>{4FC737F1-C7A5-4376-A066-2A32D752A2FF}</UniqueIdentifier>
      <Extensions>cpp;c;cc;cxx;def;odl;idl;hpj;bat;asm;asmx</Extensions>
    </Filter>
    <Filter Include="Header Files">
      <UniqueIdentifier>{93995380-89BD-4b04-88EB-625FBE52EBFB}</UniqueIdentifier>
      <Extensions>h;hh;hpp;hxx;hm;inl;inc;xsd</Extensions>
    </Filter>
    <Filter Include="Resource Files">
      <UniqueIdentifier>{67DA6AB6-F800-4c08-8B7A-83BB121AAD01}</UniqueIdentifier>
      <Extensions>rc;ico;cur;bmp;dlg;rc2;rct;bin;rgs;gif;jpg;jpeg;jpe;resx;tiff;tif;png;wav;mfcribbon-ms</Extensions>
    </Filter>
  </ItemGroup>
  <ItemGroup>
    <ClCompile Include="6_12_11.13.cpp">
      <Filter>Source Files</Filter>
    </ClCompile>
    <ClCompile Include="A5ButtonClickDemo.cpp">
      <Filter>Source Files</Filter>
    </ClCompile>
    <ClCompile Include="binaryCompatibility.cpp">
      <Filter>Source Files</Filter>
    </ClCompile>
    <ClCompile Include="bitOp.cpp">
      <Filter>Source Files</Filter>
    </ClCompile>
    <ClCompile Include="call_convention.cpp">
      <Filter>Source Files</Filter>
    </ClCompile>
    <ClCompile Include="common.cpp">
      <Filter>Source Files</Filter>
    </ClCompile>
    <ClCompile Include="derived_address_test.cpp">
      <Filter>Source Files</Filter>
    </ClCompile>
    <ClCompile Include="main.cpp">
      <Filter>Source Files</Filter>
    </ClCompile>
    <ClCompile Include="main_backup.cpp">
      <Filter>Source Files</Filter>
    </ClCompile>
    <ClCompile Include="memory_leak.cpp">
      <Filter>Source Files</Filter>
    </ClCompile>
    <ClCompile Include="operatorSmall.cpp">
      <Filter>Source Files</Filter>
    </ClCompile>
    <ClCompile Include="ostringstream_test.cpp">
      <Filter>Source Files</Filter>
    </ClCompile>
    <ClCompile Include="RTTI.cpp">
      <Filter>Source Files</Filter>
    </ClCompile>
    <ClCompile Include="shared_mutex_test.cpp">
      <Filter>Source Files</Filter>
    </ClCompile>
    <ClCompile Include="VirtualTable.cpp">
      <Filter>Source Files</Filter>
    </ClCompile>
    <ClCompile Include="assert_in_release.cpp">
      <Filter>Source Files</Filter>
    </ClCompile>
    <ClCompile Include="enumOfficeFile.cpp">
      <Filter>Source Files</Filter>
    </ClCompile>
    <ClCompile Include="runProgramAsCurrentUser.cpp">
      <Filter>Source Files</Filter>
    </ClCompile>
    <ClCompile Include="runProgramAsCurrentUser_2.cpp">
      <Filter>Source Files</Filter>
    </ClCompile>
    <ClCompile Include="runProgramAsCurrentUser_v3.cpp">
      <Filter>Source Files</Filter>
    </ClCompile>
    <ClCompile Include="random_generator.cpp">
      <Filter>Source Files</Filter>
    </ClCompile>
    <ClCompile Include="static_variable_destructor.cpp">
      <Filter>Source Files</Filter>
    </ClCompile>
    <ClCompile Include="singleton_test.cpp">
      <Filter>Source Files</Filter>
    </ClCompile>
    <ClCompile Include="GetMac.cpp">
      <Filter>Source Files</Filter>
    </ClCompile>
    <ClCompile Include="print_thread_id.cpp">
      <Filter>Source Files</Filter>
    </ClCompile>
    <ClCompile Include="getGpuInfo.cpp">
      <Filter>Source Files</Filter>
    </ClCompile>
  </ItemGroup>
  <ItemGroup>
    <ClInclude Include="common.h">
      <Filter>Header Files</Filter>
    </ClInclude>
    <ClInclude Include="static_variable_destructor.h">
      <Filter>Header Files</Filter>
    </ClInclude>
    <ClInclude Include="std_future_demo.h">
      <Filter>Header Files</Filter>
    </ClInclude>
    <ClInclude Include="wtl_inherit.h">
      <Filter>Header Files</Filter>
    </ClInclude>
    <ClInclude Include="protected_test.h">
      <Filter>Header Files</Filter>
    </ClInclude>
    <ClInclude Include="ctor_and_dtor.h">
      <Filter>Header Files</Filter>
    </ClInclude>
  </ItemGroup>
</Project>